{
  "nodes": {
    "bend": {
      "inputs": {
        "nixpkgs": [
          "nixpkgs"
        ]
      },
      "locked": {
        "lastModified": 1791348820,
        "narHash": "sha256-2YQX/3rN/NVkKcxjVMPLs4D5ItBwsVTEJxxKV6mIGSE=",
        "owner": "bendlang",
        "repo": "bend",
        "rev": "eebc18cd04daeade06c3f68c3c96c1faefd3462f",
        "type": "github"
      },
      "original": {
        "owner": "bendlang",
        "repo": "bend",
        "rev": "eebc18cd04daeade06c3f68c3c96c1faefd3462f",
        "type": "github"
      }
    },
    "ez": {
      "inputs": {
        "bend": [
          "bend"
        ],
        "nixpkgs": [
          "nixpkgs"
        ]
      },
      "locked": {
        "lastModified": 1791381403,
        "narHash": "sha256-TaCVkunKx0FZVquSGNHmuzPDAI7DCv8Sy8upvTh324g=",
        "owner": "Emerging-Patterns",
        "repo": "ez",
        "rev": "10276ec0d103f77f14bf2191e6bf7d41416a870f",
        "type": "github"
      },
      "original": {
        "owner": "Emerging-Patterns",
        "repo": "ez",
        "type": "github"
      }
    },
    "nixpkgs": {
      "locked": {
        "lastModified": 1789546076,
        "narHash": "sha256-zVxLZiSnmaaPLwnhj7pwmqe3axBg/C6nG5JZsJMh2g4=",
        "owner": "NixOS",
        "repo": "nixpkgs",
        "rev": "b1b875982b17dabde9b4a37f3e229e74913e6db3",
        "type": "github"
      },
      "original": {
        "owner": "NixOS",
        "ref": "nixos-unstable",
        "repo": "nixpkgs",
        "type": "github"
      }
    },
    "root": {
      "inputs": {
        "bend": "bend",
        "ez": "ez",
        "nixpkgs": "nixpkgs"
      }
    }
  },
  "root": "root",
  "version": 7
}
