{
  "nodes": {
    "bend": {
      "inputs": {
        "nixpkgs": [
          "nixpkgs"
        ]
      },
      "locked": {
        "lastModified": 1790643370,
        "narHash": "sha256-VYGPIHkNeccEaBHGer1B7+GNiWKQBiN/iiS7PozBXx0=",
        "owner": "bendlang",
        "repo": "bend",
        "rev": "777ee0b55c485afdd7e68bd917b3d23a88d77371",
        "type": "github"
      },
      "original": {
        "owner": "bendlang",
        "repo": "bend",
        "rev": "777ee0b55c485afdd7e68bd917b3d23a88d77371",
        "type": "github"
      }
    },
    "bend_2": {
      "inputs": {
        "nixpkgs": "nixpkgs"
      },
      "locked": {
        "lastModified": 1790482124,
        "narHash": "sha256-Gv309ikt48M8cISbwSo6V0md2572iieIRiyl3noF1cA=",
        "owner": "bendlang",
        "repo": "bend",
        "rev": "af569d4826913b2ce3557e9829ccad31fcf86f94",
        "type": "github"
      },
      "original": {
        "owner": "bendlang",
        "repo": "bend",
        "rev": "af569d4826913b2ce3557e9829ccad31fcf86f94",
        "type": "github"
      }
    },
    "ez": {
      "inputs": {
        "bend": "bend_2",
        "nixpkgs": [
          "nixpkgs"
        ]
      },
      "locked": {
        "lastModified": 1790514265,
        "narHash": "sha256-NrMlq4aruqBVCNsy9TZtcMayDn3HEhb1I8AyiE233Kw=",
        "owner": "Emerging-Patterns",
        "repo": "ez",
        "rev": "f37f6d20dc144cd74bb0cd51f9ec4e6925826548",
        "type": "github"
      },
      "original": {
        "owner": "Emerging-Patterns",
        "repo": "ez",
        "type": "github"
      }
    },
    "nixpkgs": {
      "locked": {
        "lastModified": 1790578696,
        "narHash": "sha256-ZoxIApko70jCdbH3l20HWXOBaT2HZd87orzd2yJ9dVE=",
        "owner": "NixOS",
        "repo": "nixpkgs",
        "rev": "7a0f122f5090cf4c2ade2a13a0e229d4e19ba71f",
        "type": "github"
      },
      "original": {
        "owner": "NixOS",
        "ref": "nixos-unstable",
        "repo": "nixpkgs",
        "type": "github"
      }
    },
    "nixpkgs_2": {
      "locked": {
        "lastModified": 1789546076,
        "narHash": "sha256-zVxLZiSnmaaPLwnhj7pwmqe3axBg/C6nG5JZsJMh2g4=",
        "owner": "NixOS",
        "repo": "nixpkgs",
        "rev": "b1b875982b17dabde9b4a37f3e229e74913e6db3",
        "type": "github"
      },
      "original": {
        "owner": "NixOS",
        "ref": "nixos-unstable",
        "repo": "nixpkgs",
        "type": "github"
      }
    },
    "root": {
      "inputs": {
        "bend": "bend",
        "ez": "ez",
        "nixpkgs": "nixpkgs_2"
      }
    }
  },
  "root": "root",
  "version": 7
}
