{
  "nodes": {
    "bend": {
      "inputs": {
        "nixpkgs": [
          "nixpkgs"
        ]
      },
      "locked": {
        "lastModified": 1790200275,
        "narHash": "sha256-huYLnKbMUukFhFLypIXx/wLVU3EmgsUEe9l67mU6CDw=",
        "owner": "bendlang",
        "repo": "bend",
        "rev": "d37909174ebd664338ae3194799a9e0899dedd51",
        "type": "github"
      },
      "original": {
        "owner": "bendlang",
        "repo": "bend",
        "type": "github"
      }
    },
    "bolt": {
      "inputs": {
        "bend": [
          "bend"
        ],
        "ez": [
          "ez"
        ],
        "nixpkgs": [
          "nixpkgs"
        ]
      },
      "locked": {
        "lastModified": 1790257846,
        "narHash": "sha256-XaBdAuxtVDPZO4KzQA0V3s6qK1nwS7dS1gYAoXRVLxM=",
        "owner": "Emerging-Patterns",
        "repo": "bolt",
        "rev": "38da7d930a9251f44cf7434032e954b2e706564b",
        "type": "github"
      },
      "original": {
        "owner": "Emerging-Patterns",
        "repo": "bolt",
        "type": "github"
      }
    },
    "ez": {
      "inputs": {
        "bend": [
          "bend"
        ],
        "nixpkgs": [
          "nixpkgs"
        ]
      },
      "locked": {
        "lastModified": 1790016710,
        "narHash": "sha256-6ZUA05LIhKkY+iS2d7dlBw6PDlRHCxaO0vu/hVCGlhY=",
        "owner": "Emerging-Patterns",
        "repo": "ez",
        "rev": "61cdee440a20e7f250f64e1bd28ea201a2858c70",
        "type": "github"
      },
      "original": {
        "owner": "Emerging-Patterns",
        "repo": "ez",
        "type": "github"
      }
    },
    "nixpkgs": {
      "locked": {
        "lastModified": 1789546076,
        "narHash": "sha256-zVxLZiSnmaaPLwnhj7pwmqe3axBg/C6nG5JZsJMh2g4=",
        "owner": "NixOS",
        "repo": "nixpkgs",
        "rev": "b1b875982b17dabde9b4a37f3e229e74913e6db3",
        "type": "github"
      },
      "original": {
        "owner": "NixOS",
        "ref": "nixos-unstable",
        "repo": "nixpkgs",
        "type": "github"
      }
    },
    "root": {
      "inputs": {
        "bend": "bend",
        "bolt": "bolt",
        "ez": "ez",
        "nixpkgs": "nixpkgs"
      }
    }
  },
  "root": "root",
  "version": 7
}
